
Microsoft Visual Studio Solution File, Format Version 12.00
# Visual Studio Version 16
VisualStudioVersion = 16.0.31129.286
MinimumVisualStudioVersion = 10.0.40219.1
Project("{FAE04EC0-301F-11D3-BF4B-00C04F79EFBC}") = "eCakeShop.Server", "eCakeShop\Server\eCakeShop.Server.csproj", "{3662C69B-CA93-47E0-AD90-60392944C7F9}"
EndProject
Project("{FAE04EC0-301F-11D3-BF4B-00C04F79EFBC}") = "eCakeShop.Client", "eCakeShop\Client\eCakeShop.Client.csproj", "{32F6BD11-3BA4-4652-AC25-5B8C334FAB79}"
EndProject
Project("{FAE04EC0-301F-11D3-BF4B-00C04F79EFBC}") = "eCakeShop.Shared", "eCakeShop\Shared\eCakeShop.Shared.csproj", "{361C0805-5708-47B3-926F-016ED761FAF4}"
EndProject
Global
	GlobalSection(SolutionConfigurationPlatforms) = preSolution
		Debug|Any CPU = Debug|Any CPU
		Release|Any CPU = Release|Any CPU
	EndGlobalSection
	GlobalSection(ProjectConfigurationPlatforms) = postSolution
		{3662C69B-CA93-47E0-AD90-60392944C7F9}.Debug|Any CPU.ActiveCfg = Debug|Any CPU
		{3662C69B-CA93-47E0-AD90-60392944C7F9}.Debug|Any CPU.Build.0 = Debug|Any CPU
		{3662C69B-CA93-47E0-AD90-60392944C7F9}.Release|Any CPU.ActiveCfg = Release|Any CPU
		{3662C69B-CA93-47E0-AD90-60392944C7F9}.Release|Any CPU.Build.0 = Release|Any CPU
		{32F6BD11-3BA4-4652-AC25-5B8C334FAB79}.Debug|Any CPU.ActiveCfg = Debug|Any CPU
		{32F6BD11-3BA4-4652-AC25-5B8C334FAB79}.Debug|Any CPU.Build.0 = Debug|Any CPU
		{32F6BD11-3BA4-4652-AC25-5B8C334FAB79}.Release|Any CPU.ActiveCfg = Release|Any CPU
		{32F6BD11-3BA4-4652-AC25-5B8C334FAB79}.Release|Any CPU.Build.0 = Release|Any CPU
		{361C0805-5708-47B3-926F-016ED761FAF4}.Debug|Any CPU.ActiveCfg = Debug|Any CPU
		{361C0805-5708-47B3-926F-016ED761FAF4}.Debug|Any CPU.Build.0 = Debug|Any CPU
		{361C0805-5708-47B3-926F-016ED761FAF4}.Release|Any CPU.ActiveCfg = Release|Any CPU
		{361C0805-5708-47B3-926F-016ED761FAF4}.Release|Any CPU.Build.0 = Release|Any CPU
	EndGlobalSection
	GlobalSection(SolutionProperties) = preSolution
		HideSolutionNode = FALSE
	EndGlobalSection
	GlobalSection(ExtensibilityGlobals) = postSolution
		SolutionGuid = {FA51A5C6-FBC9-40BC-9913-1784951CAF0D}
	EndGlobalSection
EndGlobal
